
Microsoft Visual Studio Solution File, Format Version 12.00
# Visual Studio 15
VisualStudioVersion = 15.0.27703.2042
MinimumVisualStudioVersion = 10.0.40219.1
Project("{FAE04EC0-301F-11D3-BF4B-00C04F79EFBC}") = "DBclient", "WeavingDB\DBclient.csproj", "{632807C6-B284-481C-AA83-3D6CDFC4BFB8}"
EndProject
Project("{FAE04EC0-301F-11D3-BF4B-00C04F79EFBC}") = "WeavingDBLogical", "WeavingDBLogical\WeavingDBLogical.csproj", "{7FEA7C3D-CC02-4525-9354-380E1F106208}"
EndProject
Project("{FAE04EC0-301F-11D3-BF4B-00C04F79EFBC}") = "非关数据表SQL相关测试", "ConsoleApp1\非关数据表SQL相关测试.csproj", "{19720B5A-9F42-405F-A6AB-C18131E94294}"
EndProject
Project("{FAE04EC0-301F-11D3-BF4B-00C04F79EFBC}") = "DataEncoding", "DataEncoding\DataEncoding.csproj", "{5567F8B5-0C73-4096-9F90-4176058F5182}"
EndProject
Project("{FAE04EC0-301F-11D3-BF4B-00C04F79EFBC}") = "WeavingDBClient", "WeavingDBClient\WeavingDBClient.csproj", "{72D6841F-15EA-43B8-88A4-09689CB5E1AB}"
EndProject
Project("{2150E333-8FDC-42A3-9474-1A3956D46DE8}") = "client", "client", "{F51CDCF4-A77D-4C30-AF3F-2A109A1947F6}"
EndProject
Project("{2150E333-8FDC-42A3-9474-1A3956D46DE8}") = "public", "public", "{60CEA23D-6679-42E0-A79D-B8D876312A23}"
EndProject
Project("{2150E333-8FDC-42A3-9474-1A3956D46DE8}") = "DBserver", "DBserver", "{DFE85D1F-1AB7-4528-95D8-9528B8C7C504}"
EndProject
Project("{FAE04EC0-301F-11D3-BF4B-00C04F79EFBC}") = "WDBServer", "WDBServer\WDBServer.csproj", "{9C97519F-46A9-4E4E-883A-260587954A59}"
EndProject
Project("{2150E333-8FDC-42A3-9474-1A3956D46DE8}") = "socket", "socket", "{E6272DB2-F23A-4D4A-A539-37BA067010FE}"
EndProject
Project("{FAE04EC0-301F-11D3-BF4B-00C04F79EFBC}") = "Weave.Base", "..\weavingsocket\Code\Weave.Base\Weave.Base.csproj", "{B8D521E5-9073-4B32-A7A7-F415E623F67C}"
EndProject
Project("{FAE04EC0-301F-11D3-BF4B-00C04F79EFBC}") = "Weave.Server", "..\weavingsocket\Code\Weave.Server\Weave.Server.csproj", "{A237E772-678D-490B-ADDF-1D4535D970B6}"
EndProject
Project("{FAE04EC0-301F-11D3-BF4B-00C04F79EFBC}") = "Weave.TCPClient", "..\weavingsocket\Code\Weave.TCPClient\Weave.TCPClient.csproj", "{DC9B4157-68C6-4F52-B8E4-EC2E4BC1D237}"
EndProject
Global
	GlobalSection(SolutionConfigurationPlatforms) = preSolution
		AAA|Any CPU = AAA|Any CPU
		Debug|Any CPU = Debug|Any CPU
		Release|Any CPU = Release|Any CPU
	EndGlobalSection
	GlobalSection(ProjectConfigurationPlatforms) = postSolution
		{632807C6-B284-481C-AA83-3D6CDFC4BFB8}.AAA|Any CPU.ActiveCfg = Release|Any CPU
		{632807C6-B284-481C-AA83-3D6CDFC4BFB8}.AAA|Any CPU.Build.0 = Release|Any CPU
		{632807C6-B284-481C-AA83-3D6CDFC4BFB8}.Debug|Any CPU.ActiveCfg = Debug|Any CPU
		{632807C6-B284-481C-AA83-3D6CDFC4BFB8}.Debug|Any CPU.Build.0 = Debug|Any CPU
		{632807C6-B284-481C-AA83-3D6CDFC4BFB8}.Release|Any CPU.ActiveCfg = Release|Any CPU
		{632807C6-B284-481C-AA83-3D6CDFC4BFB8}.Release|Any CPU.Build.0 = Release|Any CPU
		{7FEA7C3D-CC02-4525-9354-380E1F106208}.AAA|Any CPU.ActiveCfg = Release|Any CPU
		{7FEA7C3D-CC02-4525-9354-380E1F106208}.AAA|Any CPU.Build.0 = Release|Any CPU
		{7FEA7C3D-CC02-4525-9354-380E1F106208}.Debug|Any CPU.ActiveCfg = Debug|Any CPU
		{7FEA7C3D-CC02-4525-9354-380E1F106208}.Debug|Any CPU.Build.0 = Debug|Any CPU
		{7FEA7C3D-CC02-4525-9354-380E1F106208}.Release|Any CPU.ActiveCfg = Release|Any CPU
		{7FEA7C3D-CC02-4525-9354-380E1F106208}.Release|Any CPU.Build.0 = Release|Any CPU
		{19720B5A-9F42-405F-A6AB-C18131E94294}.AAA|Any CPU.ActiveCfg = Release|Any CPU
		{19720B5A-9F42-405F-A6AB-C18131E94294}.AAA|Any CPU.Build.0 = Release|Any CPU
		{19720B5A-9F42-405F-A6AB-C18131E94294}.Debug|Any CPU.ActiveCfg = Debug|Any CPU
		{19720B5A-9F42-405F-A6AB-C18131E94294}.Debug|Any CPU.Build.0 = Debug|Any CPU
		{19720B5A-9F42-405F-A6AB-C18131E94294}.Release|Any CPU.ActiveCfg = Release|Any CPU
		{19720B5A-9F42-405F-A6AB-C18131E94294}.Release|Any CPU.Build.0 = Release|Any CPU
		{5567F8B5-0C73-4096-9F90-4176058F5182}.AAA|Any CPU.ActiveCfg = Release|Any CPU
		{5567F8B5-0C73-4096-9F90-4176058F5182}.AAA|Any CPU.Build.0 = Release|Any CPU
		{5567F8B5-0C73-4096-9F90-4176058F5182}.Debug|Any CPU.ActiveCfg = Debug|Any CPU
		{5567F8B5-0C73-4096-9F90-4176058F5182}.Debug|Any CPU.Build.0 = Debug|Any CPU
		{5567F8B5-0C73-4096-9F90-4176058F5182}.Release|Any CPU.ActiveCfg = Release|Any CPU
		{5567F8B5-0C73-4096-9F90-4176058F5182}.Release|Any CPU.Build.0 = Release|Any CPU
		{72D6841F-15EA-43B8-88A4-09689CB5E1AB}.AAA|Any CPU.ActiveCfg = Release|Any CPU
		{72D6841F-15EA-43B8-88A4-09689CB5E1AB}.AAA|Any CPU.Build.0 = Release|Any CPU
		{72D6841F-15EA-43B8-88A4-09689CB5E1AB}.Debug|Any CPU.ActiveCfg = Debug|Any CPU
		{72D6841F-15EA-43B8-88A4-09689CB5E1AB}.Debug|Any CPU.Build.0 = Debug|Any CPU
		{72D6841F-15EA-43B8-88A4-09689CB5E1AB}.Release|Any CPU.ActiveCfg = Release|Any CPU
		{72D6841F-15EA-43B8-88A4-09689CB5E1AB}.Release|Any CPU.Build.0 = Release|Any CPU
		{9C97519F-46A9-4E4E-883A-260587954A59}.AAA|Any CPU.ActiveCfg = Release|Any CPU
		{9C97519F-46A9-4E4E-883A-260587954A59}.AAA|Any CPU.Build.0 = Release|Any CPU
		{9C97519F-46A9-4E4E-883A-260587954A59}.Debug|Any CPU.ActiveCfg = Debug|Any CPU
		{9C97519F-46A9-4E4E-883A-260587954A59}.Debug|Any CPU.Build.0 = Debug|Any CPU
		{9C97519F-46A9-4E4E-883A-260587954A59}.Release|Any CPU.ActiveCfg = Release|Any CPU
		{9C97519F-46A9-4E4E-883A-260587954A59}.Release|Any CPU.Build.0 = Release|Any CPU
		{B8D521E5-9073-4B32-A7A7-F415E623F67C}.AAA|Any CPU.ActiveCfg = AAA|Any CPU
		{B8D521E5-9073-4B32-A7A7-F415E623F67C}.AAA|Any CPU.Build.0 = AAA|Any CPU
		{B8D521E5-9073-4B32-A7A7-F415E623F67C}.Debug|Any CPU.ActiveCfg = Debug|Any CPU
		{B8D521E5-9073-4B32-A7A7-F415E623F67C}.Debug|Any CPU.Build.0 = Debug|Any CPU
		{B8D521E5-9073-4B32-A7A7-F415E623F67C}.Release|Any CPU.ActiveCfg = Release|Any CPU
		{B8D521E5-9073-4B32-A7A7-F415E623F67C}.Release|Any CPU.Build.0 = Release|Any CPU
		{A237E772-678D-490B-ADDF-1D4535D970B6}.AAA|Any CPU.ActiveCfg = Release|Any CPU
		{A237E772-678D-490B-ADDF-1D4535D970B6}.AAA|Any CPU.Build.0 = Release|Any CPU
		{A237E772-678D-490B-ADDF-1D4535D970B6}.Debug|Any CPU.ActiveCfg = Debug|Any CPU
		{A237E772-678D-490B-ADDF-1D4535D970B6}.Debug|Any CPU.Build.0 = Debug|Any CPU
		{A237E772-678D-490B-ADDF-1D4535D970B6}.Release|Any CPU.ActiveCfg = Release|Any CPU
		{A237E772-678D-490B-ADDF-1D4535D970B6}.Release|Any CPU.Build.0 = Release|Any CPU
		{DC9B4157-68C6-4F52-B8E4-EC2E4BC1D237}.AAA|Any CPU.ActiveCfg = AAA|Any CPU
		{DC9B4157-68C6-4F52-B8E4-EC2E4BC1D237}.AAA|Any CPU.Build.0 = AAA|Any CPU
		{DC9B4157-68C6-4F52-B8E4-EC2E4BC1D237}.Debug|Any CPU.ActiveCfg = Debug|Any CPU
		{DC9B4157-68C6-4F52-B8E4-EC2E4BC1D237}.Debug|Any CPU.Build.0 = Debug|Any CPU
		{DC9B4157-68C6-4F52-B8E4-EC2E4BC1D237}.Release|Any CPU.ActiveCfg = Release|Any CPU
		{DC9B4157-68C6-4F52-B8E4-EC2E4BC1D237}.Release|Any CPU.Build.0 = Release|Any CPU
	EndGlobalSection
	GlobalSection(SolutionProperties) = preSolution
		HideSolutionNode = FALSE
	EndGlobalSection
	GlobalSection(NestedProjects) = preSolution
		{7FEA7C3D-CC02-4525-9354-380E1F106208} = {DFE85D1F-1AB7-4528-95D8-9528B8C7C504}
		{5567F8B5-0C73-4096-9F90-4176058F5182} = {60CEA23D-6679-42E0-A79D-B8D876312A23}
		{72D6841F-15EA-43B8-88A4-09689CB5E1AB} = {F51CDCF4-A77D-4C30-AF3F-2A109A1947F6}
		{B8D521E5-9073-4B32-A7A7-F415E623F67C} = {E6272DB2-F23A-4D4A-A539-37BA067010FE}
		{A237E772-678D-490B-ADDF-1D4535D970B6} = {E6272DB2-F23A-4D4A-A539-37BA067010FE}
		{DC9B4157-68C6-4F52-B8E4-EC2E4BC1D237} = {E6272DB2-F23A-4D4A-A539-37BA067010FE}
	EndGlobalSection
	GlobalSection(ExtensibilityGlobals) = postSolution
		SolutionGuid = {D1E0B230-3B46-440D-AC21-DC482CEF166F}
	EndGlobalSection
EndGlobal
