
Microsoft Visual Studio Solution File, Format Version 12.00
# Visual Studio Version 16
VisualStudioVersion = 16.0.28606.126
MinimumVisualStudioVersion = 10.0.40219.1
Project("{FAE04EC0-301F-11D3-BF4B-00C04F79EFBC}") = "DBclient", "WeavingDB\DBclient.csproj", "{632807C6-B284-481C-AA83-3D6CDFC4BFB8}"
EndProject
Project("{FAE04EC0-301F-11D3-BF4B-00C04F79EFBC}") = "非关数据表SQL相关测试", "ConsoleApp1\非关数据表SQL相关测试.csproj", "{19720B5A-9F42-405F-A6AB-C18131E94294}"
EndProject
Project("{2150E333-8FDC-42A3-9474-1A3956D46DE8}") = "client", "client", "{F51CDCF4-A77D-4C30-AF3F-2A109A1947F6}"
EndProject
Project("{2150E333-8FDC-42A3-9474-1A3956D46DE8}") = "public", "public", "{60CEA23D-6679-42E0-A79D-B8D876312A23}"
EndProject
Project("{2150E333-8FDC-42A3-9474-1A3956D46DE8}") = "DBserver", "DBserver", "{DFE85D1F-1AB7-4528-95D8-9528B8C7C504}"
EndProject
Project("{9A19103F-16F7-4668-BE54-9A1E7A4F7556}") = "WeavingDB.DataEncoding", "src\WeavingDB.DataEncoding.Core\WeavingDB.DataEncoding.csproj", "{6D4F99BA-D420-40A3-940F-93015103D22F}"
EndProject
Project("{9A19103F-16F7-4668-BE54-9A1E7A4F7556}") = "WeavingDB.Client", "src\WeavingDB.Client\WeavingDB.Client.csproj", "{9EC0A6AE-736E-49C3-8641-A2652273EEB9}"
EndProject
Project("{9A19103F-16F7-4668-BE54-9A1E7A4F7556}") = "WeavingDB.Logical", "src\WeavingDB.Logical\WeavingDB.Logical.csproj", "{501917AF-A545-4907-9A26-A545744AD6D2}"
EndProject
Project("{9A19103F-16F7-4668-BE54-9A1E7A4F7556}") = "WDBServer.Core", "src\WDBServer.Core\WDBServer.Core.csproj", "{FC1B3C1F-39B4-4F67-BCC6-AD86AF51C8E9}"
EndProject
Global
	GlobalSection(SolutionConfigurationPlatforms) = preSolution
		AAA|Any CPU = AAA|Any CPU
		Debug|Any CPU = Debug|Any CPU
		Release|Any CPU = Release|Any CPU
	EndGlobalSection
	GlobalSection(ProjectConfigurationPlatforms) = postSolution
		{632807C6-B284-481C-AA83-3D6CDFC4BFB8}.AAA|Any CPU.ActiveCfg = Release|Any CPU
		{632807C6-B284-481C-AA83-3D6CDFC4BFB8}.AAA|Any CPU.Build.0 = Release|Any CPU
		{632807C6-B284-481C-AA83-3D6CDFC4BFB8}.Debug|Any CPU.ActiveCfg = Debug|Any CPU
		{632807C6-B284-481C-AA83-3D6CDFC4BFB8}.Debug|Any CPU.Build.0 = Debug|Any CPU
		{632807C6-B284-481C-AA83-3D6CDFC4BFB8}.Release|Any CPU.ActiveCfg = Release|Any CPU
		{632807C6-B284-481C-AA83-3D6CDFC4BFB8}.Release|Any CPU.Build.0 = Release|Any CPU
		{19720B5A-9F42-405F-A6AB-C18131E94294}.AAA|Any CPU.ActiveCfg = Release|Any CPU
		{19720B5A-9F42-405F-A6AB-C18131E94294}.AAA|Any CPU.Build.0 = Release|Any CPU
		{19720B5A-9F42-405F-A6AB-C18131E94294}.Debug|Any CPU.ActiveCfg = Debug|Any CPU
		{19720B5A-9F42-405F-A6AB-C18131E94294}.Debug|Any CPU.Build.0 = Debug|Any CPU
		{19720B5A-9F42-405F-A6AB-C18131E94294}.Release|Any CPU.ActiveCfg = Release|Any CPU
		{19720B5A-9F42-405F-A6AB-C18131E94294}.Release|Any CPU.Build.0 = Release|Any CPU
		{6D4F99BA-D420-40A3-940F-93015103D22F}.AAA|Any CPU.ActiveCfg = Debug|Any CPU
		{6D4F99BA-D420-40A3-940F-93015103D22F}.AAA|Any CPU.Build.0 = Debug|Any CPU
		{6D4F99BA-D420-40A3-940F-93015103D22F}.Debug|Any CPU.ActiveCfg = Debug|Any CPU
		{6D4F99BA-D420-40A3-940F-93015103D22F}.Debug|Any CPU.Build.0 = Debug|Any CPU
		{6D4F99BA-D420-40A3-940F-93015103D22F}.Release|Any CPU.ActiveCfg = Release|Any CPU
		{6D4F99BA-D420-40A3-940F-93015103D22F}.Release|Any CPU.Build.0 = Release|Any CPU
		{9EC0A6AE-736E-49C3-8641-A2652273EEB9}.AAA|Any CPU.ActiveCfg = Debug|Any CPU
		{9EC0A6AE-736E-49C3-8641-A2652273EEB9}.AAA|Any CPU.Build.0 = Debug|Any CPU
		{9EC0A6AE-736E-49C3-8641-A2652273EEB9}.Debug|Any CPU.ActiveCfg = Debug|Any CPU
		{9EC0A6AE-736E-49C3-8641-A2652273EEB9}.Debug|Any CPU.Build.0 = Debug|Any CPU
		{9EC0A6AE-736E-49C3-8641-A2652273EEB9}.Release|Any CPU.ActiveCfg = Release|Any CPU
		{9EC0A6AE-736E-49C3-8641-A2652273EEB9}.Release|Any CPU.Build.0 = Release|Any CPU
		{501917AF-A545-4907-9A26-A545744AD6D2}.AAA|Any CPU.ActiveCfg = Debug|Any CPU
		{501917AF-A545-4907-9A26-A545744AD6D2}.AAA|Any CPU.Build.0 = Debug|Any CPU
		{501917AF-A545-4907-9A26-A545744AD6D2}.Debug|Any CPU.ActiveCfg = Debug|Any CPU
		{501917AF-A545-4907-9A26-A545744AD6D2}.Debug|Any CPU.Build.0 = Debug|Any CPU
		{501917AF-A545-4907-9A26-A545744AD6D2}.Release|Any CPU.ActiveCfg = Release|Any CPU
		{501917AF-A545-4907-9A26-A545744AD6D2}.Release|Any CPU.Build.0 = Release|Any CPU
		{FC1B3C1F-39B4-4F67-BCC6-AD86AF51C8E9}.AAA|Any CPU.ActiveCfg = Debug|Any CPU
		{FC1B3C1F-39B4-4F67-BCC6-AD86AF51C8E9}.AAA|Any CPU.Build.0 = Debug|Any CPU
		{FC1B3C1F-39B4-4F67-BCC6-AD86AF51C8E9}.Debug|Any CPU.ActiveCfg = Debug|Any CPU
		{FC1B3C1F-39B4-4F67-BCC6-AD86AF51C8E9}.Debug|Any CPU.Build.0 = Debug|Any CPU
		{FC1B3C1F-39B4-4F67-BCC6-AD86AF51C8E9}.Release|Any CPU.ActiveCfg = Release|Any CPU
		{FC1B3C1F-39B4-4F67-BCC6-AD86AF51C8E9}.Release|Any CPU.Build.0 = Release|Any CPU
	EndGlobalSection
	GlobalSection(SolutionProperties) = preSolution
		HideSolutionNode = FALSE
	EndGlobalSection
	GlobalSection(NestedProjects) = preSolution
		{6D4F99BA-D420-40A3-940F-93015103D22F} = {60CEA23D-6679-42E0-A79D-B8D876312A23}
		{9EC0A6AE-736E-49C3-8641-A2652273EEB9} = {F51CDCF4-A77D-4C30-AF3F-2A109A1947F6}
		{501917AF-A545-4907-9A26-A545744AD6D2} = {DFE85D1F-1AB7-4528-95D8-9528B8C7C504}
	EndGlobalSection
	GlobalSection(ExtensibilityGlobals) = postSolution
		SolutionGuid = {D1E0B230-3B46-440D-AC21-DC482CEF166F}
	EndGlobalSection
EndGlobal
