
Microsoft Visual Studio Solution File, Format Version 12.00
# Visual Studio 15
VisualStudioVersion = 15.0.27703.2042
MinimumVisualStudioVersion = 10.0.40219.1
Project("{FAE04EC0-301F-11D3-BF4B-00C04F79EFBC}") = "WeavingDB", "WeavingDB\WeavingDB.csproj", "{632807C6-B284-481C-AA83-3D6CDFC4BFB8}"
EndProject
Project("{FAE04EC0-301F-11D3-BF4B-00C04F79EFBC}") = "WeavingDBLogical", "WeavingDBLogical\WeavingDBLogical.csproj", "{7FEA7C3D-CC02-4525-9354-380E1F106208}"
EndProject
Project("{FAE04EC0-301F-11D3-BF4B-00C04F79EFBC}") = "ConsoleApp1", "ConsoleApp1\ConsoleApp1.csproj", "{19720B5A-9F42-405F-A6AB-C18131E94294}"
EndProject
Global
	GlobalSection(SolutionConfigurationPlatforms) = preSolution
		Debug|Any CPU = Debug|Any CPU
		Release|Any CPU = Release|Any CPU
	EndGlobalSection
	GlobalSection(ProjectConfigurationPlatforms) = postSolution
		{632807C6-B284-481C-AA83-3D6CDFC4BFB8}.Debug|Any CPU.ActiveCfg = Debug|Any CPU
		{632807C6-B284-481C-AA83-3D6CDFC4BFB8}.Debug|Any CPU.Build.0 = Debug|Any CPU
		{632807C6-B284-481C-AA83-3D6CDFC4BFB8}.Release|Any CPU.ActiveCfg = Release|Any CPU
		{632807C6-B284-481C-AA83-3D6CDFC4BFB8}.Release|Any CPU.Build.0 = Release|Any CPU
		{7FEA7C3D-CC02-4525-9354-380E1F106208}.Debug|Any CPU.ActiveCfg = Debug|Any CPU
		{7FEA7C3D-CC02-4525-9354-380E1F106208}.Debug|Any CPU.Build.0 = Debug|Any CPU
		{7FEA7C3D-CC02-4525-9354-380E1F106208}.Release|Any CPU.ActiveCfg = Release|Any CPU
		{7FEA7C3D-CC02-4525-9354-380E1F106208}.Release|Any CPU.Build.0 = Release|Any CPU
		{19720B5A-9F42-405F-A6AB-C18131E94294}.Debug|Any CPU.ActiveCfg = Debug|Any CPU
		{19720B5A-9F42-405F-A6AB-C18131E94294}.Debug|Any CPU.Build.0 = Debug|Any CPU
		{19720B5A-9F42-405F-A6AB-C18131E94294}.Release|Any CPU.ActiveCfg = Release|Any CPU
		{19720B5A-9F42-405F-A6AB-C18131E94294}.Release|Any CPU.Build.0 = Release|Any CPU
	EndGlobalSection
	GlobalSection(SolutionProperties) = preSolution
		HideSolutionNode = FALSE
	EndGlobalSection
	GlobalSection(ExtensibilityGlobals) = postSolution
		SolutionGuid = {D1E0B230-3B46-440D-AC21-DC482CEF166F}
	EndGlobalSection
EndGlobal
